// !$*UTF8*$!
{
	archiveVersion = 1;
	classes = {
	};
	objectVersion = 55;
	objects = {

/* Begin PBXBuildFile section */
		6F84A72E286CB9CC002B09AB /* KeyboardDismiss.swift in Sources */ = {isa = PBXBuildFile; fileRef = 6F84A72D286CB9CC002B09AB /* KeyboardDismiss.swift */; };
		6F84A730286CD104002B09AB /* GlobalState.swift in Sources */ = {isa = PBXBuildFile; fileRef = 6F84A72F286CD104002B09AB /* GlobalState.swift */; };
		6F84A732286CD226002B09AB /* SavedNewsCell.swift in Sources */ = {isa = PBXBuildFile; fileRef = 6F84A731286CD226002B09AB /* SavedNewsCell.swift */; };
		6F84A734286CD2CA002B09AB /* SavedNewsCellExtension.swift in Sources */ = {isa = PBXBuildFile; fileRef = 6F84A733286CD2CA002B09AB /* SavedNewsCellExtension.swift */; };
		6F985650286AF13E00172F0C /* AppDelegate.swift in Sources */ = {isa = PBXBuildFile; fileRef = 6F98564F286AF13E00172F0C /* AppDelegate.swift */; };
		6F985652286AF13E00172F0C /* SceneDelegate.swift in Sources */ = {isa = PBXBuildFile; fileRef = 6F985651286AF13E00172F0C /* SceneDelegate.swift */; };
		6F985659286AF14100172F0C /* Assets.xcassets in Resources */ = {isa = PBXBuildFile; fileRef = 6F985658286AF14100172F0C /* Assets.xcassets */; };
		6F98565C286AF14100172F0C /* LaunchScreen.storyboard in Resources */ = {isa = PBXBuildFile; fileRef = 6F98565A286AF14100172F0C /* LaunchScreen.storyboard */; };
		6F98566A286AF6D200172F0C /* NetworkDataFetcher.swift in Sources */ = {isa = PBXBuildFile; fileRef = 6F985669286AF6D200172F0C /* NetworkDataFetcher.swift */; };
		6F98566C286AF6F300172F0C /* NetworkService.swift in Sources */ = {isa = PBXBuildFile; fileRef = 6F98566B286AF6F300172F0C /* NetworkService.swift */; };
		6F98566E286AF72300172F0C /* NetworkManager.swift in Sources */ = {isa = PBXBuildFile; fileRef = 6F98566D286AF72300172F0C /* NetworkManager.swift */; };
		6F985670286AF75000172F0C /* News.swift in Sources */ = {isa = PBXBuildFile; fileRef = 6F98566F286AF75000172F0C /* News.swift */; };
		6F985673286AF9F500172F0C /* MainVC.swift in Sources */ = {isa = PBXBuildFile; fileRef = 6F985672286AF9F500172F0C /* MainVC.swift */; };
		6F985678286AFB5C00172F0C /* SavedNewsModel.swift in Sources */ = {isa = PBXBuildFile; fileRef = 6F985677286AFB5C00172F0C /* SavedNewsModel.swift */; };
		6F98567A286B00F900172F0C /* MainView.swift in Sources */ = {isa = PBXBuildFile; fileRef = 6F985679286B00F800172F0C /* MainView.swift */; };
		6F98567D286B01D000172F0C /* MainViewExtension.swift in Sources */ = {isa = PBXBuildFile; fileRef = 6F98567C286B01D000172F0C /* MainViewExtension.swift */; };
		6F98567F286B1BE400172F0C /* NewsCell.swift in Sources */ = {isa = PBXBuildFile; fileRef = 6F98567E286B1BE300172F0C /* NewsCell.swift */; };
		6F985681286B1C0600172F0C /* NewsCellExtension.swift in Sources */ = {isa = PBXBuildFile; fileRef = 6F985680286B1C0600172F0C /* NewsCellExtension.swift */; };
		6F985683286B639900172F0C /* DateFormatter.swift in Sources */ = {isa = PBXBuildFile; fileRef = 6F985682286B639900172F0C /* DateFormatter.swift */; };
		6F985685286B9A1E00172F0C /* SavedNewsView.swift in Sources */ = {isa = PBXBuildFile; fileRef = 6F985684286B9A1E00172F0C /* SavedNewsView.swift */; };
		6F985687286B9A3100172F0C /* SavedNewsVC.swift in Sources */ = {isa = PBXBuildFile; fileRef = 6F985686286B9A3100172F0C /* SavedNewsVC.swift */; };
		6F98568A286B9C1F00172F0C /* SavedNewsExtension.swift in Sources */ = {isa = PBXBuildFile; fileRef = 6F985689286B9C1F00172F0C /* SavedNewsExtension.swift */; };
		6F98568C286B9EA500172F0C /* AnimatedTransition.swift in Sources */ = {isa = PBXBuildFile; fileRef = 6F98568B286B9EA500172F0C /* AnimatedTransition.swift */; };
		D9DD2DEFCD33BC2124E2C274 /* Pods_NewsAPI_Aws.framework in Frameworks */ = {isa = PBXBuildFile; fileRef = F695E9BF9CC984AE746BA7AF /* Pods_NewsAPI_Aws.framework */; };
/* End PBXBuildFile section */

/* Begin PBXFileReference section */
		498FCCD9A6BD933E024BA1F6 /* Pods-NewsAPI_Aws.release.xcconfig */ = {isa = PBXFileReference; includeInIndex = 1; lastKnownFileType = text.xcconfig; name = "Pods-NewsAPI_Aws.release.xcconfig"; path = "Target Support Files/Pods-NewsAPI_Aws/Pods-NewsAPI_Aws.release.xcconfig"; sourceTree = "<group>"; };
		6F84A72D286CB9CC002B09AB /* KeyboardDismiss.swift */ = {isa = PBXFileReference; lastKnownFileType = sourcecode.swift; path = KeyboardDismiss.swift; sourceTree = "<group>"; };
		6F84A72F286CD104002B09AB /* GlobalState.swift */ = {isa = PBXFileReference; lastKnownFileType = sourcecode.swift; path = GlobalState.swift; sourceTree = "<group>"; };
		6F84A731286CD226002B09AB /* SavedNewsCell.swift */ = {isa = PBXFileReference; lastKnownFileType = sourcecode.swift; path = SavedNewsCell.swift; sourceTree = "<group>"; };
		6F84A733286CD2CA002B09AB /* SavedNewsCellExtension.swift */ = {isa = PBXFileReference; lastKnownFileType = sourcecode.swift; path = SavedNewsCellExtension.swift; sourceTree = "<group>"; };
		6F98564C286AF13E00172F0C /* NewsAPI_Aws.app */ = {isa = PBXFileReference; explicitFileType = wrapper.application; includeInIndex = 0; path = NewsAPI_Aws.app; sourceTree = BUILT_PRODUCTS_DIR; };
		6F98564F286AF13E00172F0C /* AppDelegate.swift */ = {isa = PBXFileReference; lastKnownFileType = sourcecode.swift; path = AppDelegate.swift; sourceTree = "<group>"; };
		6F985651286AF13E00172F0C /* SceneDelegate.swift */ = {isa = PBXFileReference; lastKnownFileType = sourcecode.swift; path = SceneDelegate.swift; sourceTree = "<group>"; };
		6F985658286AF14100172F0C /* Assets.xcassets */ = {isa = PBXFileReference; lastKnownFileType = folder.assetcatalog; path = Assets.xcassets; sourceTree = "<group>"; };
		6F98565B286AF14100172F0C /* Base */ = {isa = PBXFileReference; lastKnownFileType = file.storyboard; name = Base; path = Base.lproj/LaunchScreen.storyboard; sourceTree = "<group>"; };
		6F98565D286AF14100172F0C /* Info.plist */ = {isa = PBXFileReference; lastKnownFileType = text.plist.xml; path = Info.plist; sourceTree = "<group>"; };
		6F985669286AF6D200172F0C /* NetworkDataFetcher.swift */ = {isa = PBXFileReference; lastKnownFileType = sourcecode.swift; path = NetworkDataFetcher.swift; sourceTree = "<group>"; };
		6F98566B286AF6F300172F0C /* NetworkService.swift */ = {isa = PBXFileReference; lastKnownFileType = sourcecode.swift; path = NetworkService.swift; sourceTree = "<group>"; };
		6F98566D286AF72300172F0C /* NetworkManager.swift */ = {isa = PBXFileReference; lastKnownFileType = sourcecode.swift; path = NetworkManager.swift; sourceTree = "<group>"; };
		6F98566F286AF75000172F0C /* News.swift */ = {isa = PBXFileReference; lastKnownFileType = sourcecode.swift; path = News.swift; sourceTree = "<group>"; };
		6F985672286AF9F500172F0C /* MainVC.swift */ = {isa = PBXFileReference; lastKnownFileType = sourcecode.swift; path = MainVC.swift; sourceTree = "<group>"; };
		6F985677286AFB5C00172F0C /* SavedNewsModel.swift */ = {isa = PBXFileReference; lastKnownFileType = sourcecode.swift; path = SavedNewsModel.swift; sourceTree = "<group>"; };
		6F985679286B00F800172F0C /* MainView.swift */ = {isa = PBXFileReference; lastKnownFileType = sourcecode.swift; path = MainView.swift; sourceTree = "<group>"; };
		6F98567C286B01D000172F0C /* MainViewExtension.swift */ = {isa = PBXFileReference; lastKnownFileType = sourcecode.swift; path = MainViewExtension.swift; sourceTree = "<group>"; };
		6F98567E286B1BE300172F0C /* NewsCell.swift */ = {isa = PBXFileReference; lastKnownFileType = sourcecode.swift; path = NewsCell.swift; sourceTree = "<group>"; };
		6F985680286B1C0600172F0C /* NewsCellExtension.swift */ = {isa = PBXFileReference; lastKnownFileType = sourcecode.swift; path = NewsCellExtension.swift; sourceTree = "<group>"; };
		6F985682286B639900172F0C /* DateFormatter.swift */ = {isa = PBXFileReference; lastKnownFileType = sourcecode.swift; path = DateFormatter.swift; sourceTree = "<group>"; };
		6F985684286B9A1E00172F0C /* SavedNewsView.swift */ = {isa = PBXFileReference; lastKnownFileType = sourcecode.swift; path = SavedNewsView.swift; sourceTree = "<group>"; };
		6F985686286B9A3100172F0C /* SavedNewsVC.swift */ = {isa = PBXFileReference; lastKnownFileType = sourcecode.swift; path = SavedNewsVC.swift; sourceTree = "<group>"; };
		6F985689286B9C1F00172F0C /* SavedNewsExtension.swift */ = {isa = PBXFileReference; lastKnownFileType = sourcecode.swift; path = SavedNewsExtension.swift; sourceTree = "<group>"; };
		6F98568B286B9EA500172F0C /* AnimatedTransition.swift */ = {isa = PBXFileReference; lastKnownFileType = sourcecode.swift; path = AnimatedTransition.swift; sourceTree = "<group>"; };
		E0CA192387BBA08BC2907682 /* Pods-NewsAPI_Aws.debug.xcconfig */ = {isa = PBXFileReference; includeInIndex = 1; lastKnownFileType = text.xcconfig; name = "Pods-NewsAPI_Aws.debug.xcconfig"; path = "Target Support Files/Pods-NewsAPI_Aws/Pods-NewsAPI_Aws.debug.xcconfig"; sourceTree = "<group>"; };
		F695E9BF9CC984AE746BA7AF /* Pods_NewsAPI_Aws.framework */ = {isa = PBXFileReference; explicitFileType = wrapper.framework; includeInIndex = 0; path = Pods_NewsAPI_Aws.framework; sourceTree = BUILT_PRODUCTS_DIR; };
/* End PBXFileReference section */

/* Begin PBXFrameworksBuildPhase section */
		6F985649286AF13E00172F0C /* Frameworks */ = {
			isa = PBXFrameworksBuildPhase;
			buildActionMask = 2147483647;
			files = (
				D9DD2DEFCD33BC2124E2C274 /* Pods_NewsAPI_Aws.framework in Frameworks */,
			);
			runOnlyForDeploymentPostprocessing = 0;
		};
/* End PBXFrameworksBuildPhase section */

/* Begin PBXGroup section */
		6F985643286AF13E00172F0C = {
			isa = PBXGroup;
			children = (
				6F98564E286AF13E00172F0C /* NewsAPI_Aws */,
				6F98564D286AF13E00172F0C /* Products */,
				C643387A60BC3E30D37A7BD4 /* Pods */,
				88ED7A9F5D07288EC88099B7 /* Frameworks */,
			);
			sourceTree = "<group>";
		};
		6F98564D286AF13E00172F0C /* Products */ = {
			isa = PBXGroup;
			children = (
				6F98564C286AF13E00172F0C /* NewsAPI_Aws.app */,
			);
			name = Products;
			sourceTree = "<group>";
		};
		6F98564E286AF13E00172F0C /* NewsAPI_Aws */ = {
			isa = PBXGroup;
			children = (
				6F98564F286AF13E00172F0C /* AppDelegate.swift */,
				6F985651286AF13E00172F0C /* SceneDelegate.swift */,
				6F985665286AF60300172F0C /* Utilities */,
				6F985664286AF5F700172F0C /* Networking */,
				6F985663286AF5DF00172F0C /* MainView */,
				6F985671286AF99B00172F0C /* SavedNews */,
				6F985658286AF14100172F0C /* Assets.xcassets */,
				6F98565A286AF14100172F0C /* LaunchScreen.storyboard */,
				6F98565D286AF14100172F0C /* Info.plist */,
			);
			path = NewsAPI_Aws;
			sourceTree = "<group>";
		};
		6F985663286AF5DF00172F0C /* MainView */ = {
			isa = PBXGroup;
			children = (
				6F985666286AF62300172F0C /* Model */,
				6F985667286AF62800172F0C /* Controller */,
				6F985668286AF63200172F0C /* View */,
			);
			path = MainView;
			sourceTree = "<group>";
		};
		6F985664286AF5F700172F0C /* Networking */ = {
			isa = PBXGroup;
			children = (
				6F985669286AF6D200172F0C /* NetworkDataFetcher.swift */,
				6F98566B286AF6F300172F0C /* NetworkService.swift */,
				6F98566D286AF72300172F0C /* NetworkManager.swift */,
			);
			path = Networking;
			sourceTree = "<group>";
		};
		6F985665286AF60300172F0C /* Utilities */ = {
			isa = PBXGroup;
			children = (
				6F985682286B639900172F0C /* DateFormatter.swift */,
				6F98568B286B9EA500172F0C /* AnimatedTransition.swift */,
				6F84A72D286CB9CC002B09AB /* KeyboardDismiss.swift */,
				6F84A72F286CD104002B09AB /* GlobalState.swift */,
			);
			path = Utilities;
			sourceTree = "<group>";
		};
		6F985666286AF62300172F0C /* Model */ = {
			isa = PBXGroup;
			children = (
				6F98566F286AF75000172F0C /* News.swift */,
			);
			path = Model;
			sourceTree = "<group>";
		};
		6F985667286AF62800172F0C /* Controller */ = {
			isa = PBXGroup;
			children = (
				6F985672286AF9F500172F0C /* MainVC.swift */,
			);
			path = Controller;
			sourceTree = "<group>";
		};
		6F985668286AF63200172F0C /* View */ = {
			isa = PBXGroup;
			children = (
				6F98567B286B00FC00172F0C /* Extensions */,
				6F985679286B00F800172F0C /* MainView.swift */,
				6F98567E286B1BE300172F0C /* NewsCell.swift */,
			);
			path = View;
			sourceTree = "<group>";
		};
		6F985671286AF99B00172F0C /* SavedNews */ = {
			isa = PBXGroup;
			children = (
				6F985674286AFB2300172F0C /* Model */,
				6F985676286AFB2D00172F0C /* Controller */,
				6F985675286AFB2700172F0C /* View */,
			);
			path = SavedNews;
			sourceTree = "<group>";
		};
		6F985674286AFB2300172F0C /* Model */ = {
			isa = PBXGroup;
			children = (
				6F985677286AFB5C00172F0C /* SavedNewsModel.swift */,
			);
			path = Model;
			sourceTree = "<group>";
		};
		6F985675286AFB2700172F0C /* View */ = {
			isa = PBXGroup;
			children = (
				6F985688286B9C0A00172F0C /* Extensions */,
				6F985684286B9A1E00172F0C /* SavedNewsView.swift */,
				6F84A731286CD226002B09AB /* SavedNewsCell.swift */,
			);
			path = View;
			sourceTree = "<group>";
		};
		6F985676286AFB2D00172F0C /* Controller */ = {
			isa = PBXGroup;
			children = (
				6F985686286B9A3100172F0C /* SavedNewsVC.swift */,
			);
			path = Controller;
			sourceTree = "<group>";
		};
		6F98567B286B00FC00172F0C /* Extensions */ = {
			isa = PBXGroup;
			children = (
				6F98567C286B01D000172F0C /* MainViewExtension.swift */,
				6F985680286B1C0600172F0C /* NewsCellExtension.swift */,
			);
			path = Extensions;
			sourceTree = "<group>";
		};
		6F985688286B9C0A00172F0C /* Extensions */ = {
			isa = PBXGroup;
			children = (
				6F985689286B9C1F00172F0C /* SavedNewsExtension.swift */,
				6F84A733286CD2CA002B09AB /* SavedNewsCellExtension.swift */,
			);
			path = Extensions;
			sourceTree = "<group>";
		};
		88ED7A9F5D07288EC88099B7 /* Frameworks */ = {
			isa = PBXGroup;
			children = (
				F695E9BF9CC984AE746BA7AF /* Pods_NewsAPI_Aws.framework */,
			);
			name = Frameworks;
			sourceTree = "<group>";
		};
		C643387A60BC3E30D37A7BD4 /* Pods */ = {
			isa = PBXGroup;
			children = (
				E0CA192387BBA08BC2907682 /* Pods-NewsAPI_Aws.debug.xcconfig */,
				498FCCD9A6BD933E024BA1F6 /* Pods-NewsAPI_Aws.release.xcconfig */,
			);
			path = Pods;
			sourceTree = "<group>";
		};
/* End PBXGroup section */

/* Begin PBXNativeTarget section */
		6F98564B286AF13E00172F0C /* NewsAPI_Aws */ = {
			isa = PBXNativeTarget;
			buildConfigurationList = 6F985660286AF14100172F0C /* Build configuration list for PBXNativeTarget "NewsAPI_Aws" */;
			buildPhases = (
				4389235F0155A8C721C4610E /* [CP] Check Pods Manifest.lock */,
				6F985648286AF13E00172F0C /* Sources */,
				6F985649286AF13E00172F0C /* Frameworks */,
				6F98564A286AF13E00172F0C /* Resources */,
				A96757E0E39027ED7DB23145 /* [CP] Embed Pods Frameworks */,
			);
			buildRules = (
			);
			dependencies = (
			);
			name = NewsAPI_Aws;
			productName = NewsAPI_Aws;
			productReference = 6F98564C286AF13E00172F0C /* NewsAPI_Aws.app */;
			productType = "com.apple.product-type.application";
		};
/* End PBXNativeTarget section */

/* Begin PBXProject section */
		6F985644286AF13E00172F0C /* Project object */ = {
			isa = PBXProject;
			attributes = {
				BuildIndependentTargetsInParallel = 1;
				LastSwiftUpdateCheck = 1340;
				LastUpgradeCheck = 1340;
				TargetAttributes = {
					6F98564B286AF13E00172F0C = {
						CreatedOnToolsVersion = 13.4;
					};
				};
			};
			buildConfigurationList = 6F985647286AF13E00172F0C /* Build configuration list for PBXProject "NewsAPI_Aws" */;
			compatibilityVersion = "Xcode 13.0";
			developmentRegion = en;
			hasScannedForEncodings = 0;
			knownRegions = (
				en,
				Base,
			);
			mainGroup = 6F985643286AF13E00172F0C;
			productRefGroup = 6F98564D286AF13E00172F0C /* Products */;
			projectDirPath = "";
			projectRoot = "";
			targets = (
				6F98564B286AF13E00172F0C /* NewsAPI_Aws */,
			);
		};
/* End PBXProject section */

/* Begin PBXResourcesBuildPhase section */
		6F98564A286AF13E00172F0C /* Resources */ = {
			isa = PBXResourcesBuildPhase;
			buildActionMask = 2147483647;
			files = (
				6F98565C286AF14100172F0C /* LaunchScreen.storyboard in Resources */,
				6F985659286AF14100172F0C /* Assets.xcassets in Resources */,
			);
			runOnlyForDeploymentPostprocessing = 0;
		};
/* End PBXResourcesBuildPhase section */

/* Begin PBXShellScriptBuildPhase section */
		4389235F0155A8C721C4610E /* [CP] Check Pods Manifest.lock */ = {
			isa = PBXShellScriptBuildPhase;
			buildActionMask = 2147483647;
			files = (
			);
			inputFileListPaths = (
			);
			inputPaths = (
				"${PODS_PODFILE_DIR_PATH}/Podfile.lock",
				"${PODS_ROOT}/Manifest.lock",
			);
			name = "[CP] Check Pods Manifest.lock";
			outputFileListPaths = (
			);
			outputPaths = (
				"$(DERIVED_FILE_DIR)/Pods-NewsAPI_Aws-checkManifestLockResult.txt",
			);
			runOnlyForDeploymentPostprocessing = 0;
			shellPath = /bin/sh;
			shellScript = "diff \"${PODS_PODFILE_DIR_PATH}/Podfile.lock\" \"${PODS_ROOT}/Manifest.lock\" > /dev/null\nif [ $? != 0 ] ; then\n    # print error to STDERR\n    echo \"error: The sandbox is not in sync with the Podfile.lock. Run 'pod install' or update your CocoaPods installation.\" >&2\n    exit 1\nfi\n# This output is used by Xcode 'outputs' to avoid re-running this script phase.\necho \"SUCCESS\" > \"${SCRIPT_OUTPUT_FILE_0}\"\n";
			showEnvVarsInLog = 0;
		};
		A96757E0E39027ED7DB23145 /* [CP] Embed Pods Frameworks */ = {
			isa = PBXShellScriptBuildPhase;
			buildActionMask = 2147483647;
			files = (
			);
			inputFileListPaths = (
				"${PODS_ROOT}/Target Support Files/Pods-NewsAPI_Aws/Pods-NewsAPI_Aws-frameworks-${CONFIGURATION}-input-files.xcfilelist",
			);
			name = "[CP] Embed Pods Frameworks";
			outputFileListPaths = (
				"${PODS_ROOT}/Target Support Files/Pods-NewsAPI_Aws/Pods-NewsAPI_Aws-frameworks-${CONFIGURATION}-output-files.xcfilelist",
			);
			runOnlyForDeploymentPostprocessing = 0;
			shellPath = /bin/sh;
			shellScript = "\"${PODS_ROOT}/Target Support Files/Pods-NewsAPI_Aws/Pods-NewsAPI_Aws-frameworks.sh\"\n";
			showEnvVarsInLog = 0;
		};
/* End PBXShellScriptBuildPhase section */

/* Begin PBXSourcesBuildPhase section */
		6F985648286AF13E00172F0C /* Sources */ = {
			isa = PBXSourcesBuildPhase;
			buildActionMask = 2147483647;
			files = (
				6F98568A286B9C1F00172F0C /* SavedNewsExtension.swift in Sources */,
				6F985678286AFB5C00172F0C /* SavedNewsModel.swift in Sources */,
				6F84A730286CD104002B09AB /* GlobalState.swift in Sources */,
				6F98568C286B9EA500172F0C /* AnimatedTransition.swift in Sources */,
				6F98567A286B00F900172F0C /* MainView.swift in Sources */,
				6F98566E286AF72300172F0C /* NetworkManager.swift in Sources */,
				6F98567D286B01D000172F0C /* MainViewExtension.swift in Sources */,
				6F985683286B639900172F0C /* DateFormatter.swift in Sources */,
				6F985681286B1C0600172F0C /* NewsCellExtension.swift in Sources */,
				6F84A734286CD2CA002B09AB /* SavedNewsCellExtension.swift in Sources */,
				6F98566C286AF6F300172F0C /* NetworkService.swift in Sources */,
				6F98566A286AF6D200172F0C /* NetworkDataFetcher.swift in Sources */,
				6F985670286AF75000172F0C /* News.swift in Sources */,
				6F985687286B9A3100172F0C /* SavedNewsVC.swift in Sources */,
				6F985685286B9A1E00172F0C /* SavedNewsView.swift in Sources */,
				6F84A732286CD226002B09AB /* SavedNewsCell.swift in Sources */,
				6F985650286AF13E00172F0C /* AppDelegate.swift in Sources */,
				6F985652286AF13E00172F0C /* SceneDelegate.swift in Sources */,
				6F84A72E286CB9CC002B09AB /* KeyboardDismiss.swift in Sources */,
				6F985673286AF9F500172F0C /* MainVC.swift in Sources */,
				6F98567F286B1BE400172F0C /* NewsCell.swift in Sources */,
			);
			runOnlyForDeploymentPostprocessing = 0;
		};
/* End PBXSourcesBuildPhase section */

/* Begin PBXVariantGroup section */
		6F98565A286AF14100172F0C /* LaunchScreen.storyboard */ = {
			isa = PBXVariantGroup;
			children = (
				6F98565B286AF14100172F0C /* Base */,
			);
			name = LaunchScreen.storyboard;
			sourceTree = "<group>";
		};
/* End PBXVariantGroup section */

/* Begin XCBuildConfiguration section */
		6F98565E286AF14100172F0C /* Debug */ = {
			isa = XCBuildConfiguration;
			buildSettings = {
				ALWAYS_SEARCH_USER_PATHS = NO;
				CLANG_ANALYZER_NONNULL = YES;
				CLANG_ANALYZER_NUMBER_OBJECT_CONVERSION = YES_AGGRESSIVE;
				CLANG_CXX_LANGUAGE_STANDARD = "gnu++17";
				CLANG_ENABLE_MODULES = YES;
				CLANG_ENABLE_OBJC_ARC = YES;
				CLANG_ENABLE_OBJC_WEAK = YES;
				CLANG_WARN_BLOCK_CAPTURE_AUTORELEASING = YES;
				CLANG_WARN_BOOL_CONVERSION = YES;
				CLANG_WARN_COMMA = YES;
				CLANG_WARN_CONSTANT_CONVERSION = YES;
				CLANG_WARN_DEPRECATED_OBJC_IMPLEMENTATIONS = YES;
				CLANG_WARN_DIRECT_OBJC_ISA_USAGE = YES_ERROR;
				CLANG_WARN_DOCUMENTATION_COMMENTS = YES;
				CLANG_WARN_EMPTY_BODY = YES;
				CLANG_WARN_ENUM_CONVERSION = YES;
				CLANG_WARN_INFINITE_RECURSION = YES;
				CLANG_WARN_INT_CONVERSION = YES;
				CLANG_WARN_NON_LITERAL_NULL_CONVERSION = YES;
				CLANG_WARN_OBJC_IMPLICIT_RETAIN_SELF = YES;
				CLANG_WARN_OBJC_LITERAL_CONVERSION = YES;
				CLANG_WARN_OBJC_ROOT_CLASS = YES_ERROR;
				CLANG_WARN_QUOTED_INCLUDE_IN_FRAMEWORK_HEADER = YES;
				CLANG_WARN_RANGE_LOOP_ANALYSIS = YES;
				CLANG_WARN_STRICT_PROTOTYPES = YES;
				CLANG_WARN_SUSPICIOUS_MOVE = YES;
				CLANG_WARN_UNGUARDED_AVAILABILITY = YES_AGGRESSIVE;
				CLANG_WARN_UNREACHABLE_CODE = YES;
				CLANG_WARN__DUPLICATE_METHOD_MATCH = YES;
				COPY_PHASE_STRIP = NO;
				DEBUG_INFORMATION_FORMAT = dwarf;
				ENABLE_STRICT_OBJC_MSGSEND = YES;
				ENABLE_TESTABILITY = YES;
				GCC_C_LANGUAGE_STANDARD = gnu11;
				GCC_DYNAMIC_NO_PIC = NO;
				GCC_NO_COMMON_BLOCKS = YES;
				GCC_OPTIMIZATION_LEVEL = 0;
				GCC_PREPROCESSOR_DEFINITIONS = (
					"DEBUG=1",
					"$(inherited)",
				);
				GCC_WARN_64_TO_32_BIT_CONVERSION = YES;
				GCC_WARN_ABOUT_RETURN_TYPE = YES_ERROR;
				GCC_WARN_UNDECLARED_SELECTOR = YES;
				GCC_WARN_UNINITIALIZED_AUTOS = YES_AGGRESSIVE;
				GCC_WARN_UNUSED_FUNCTION = YES;
				GCC_WARN_UNUSED_VARIABLE = YES;
				IPHONEOS_DEPLOYMENT_TARGET = 15.5;
				MTL_ENABLE_DEBUG_INFO = INCLUDE_SOURCE;
				MTL_FAST_MATH = YES;
				ONLY_ACTIVE_ARCH = YES;
				SDKROOT = iphoneos;
				SWIFT_ACTIVE_COMPILATION_CONDITIONS = DEBUG;
				SWIFT_OPTIMIZATION_LEVEL = "-Onone";
			};
			name = Debug;
		};
		6F98565F286AF14100172F0C /* Release */ = {
			isa = XCBuildConfiguration;
			buildSettings = {
				ALWAYS_SEARCH_USER_PATHS = NO;
				CLANG_ANALYZER_NONNULL = YES;
				CLANG_ANALYZER_NUMBER_OBJECT_CONVERSION = YES_AGGRESSIVE;
				CLANG_CXX_LANGUAGE_STANDARD = "gnu++17";
				CLANG_ENABLE_MODULES = YES;
				CLANG_ENABLE_OBJC_ARC = YES;
				CLANG_ENABLE_OBJC_WEAK = YES;
				CLANG_WARN_BLOCK_CAPTURE_AUTORELEASING = YES;
				CLANG_WARN_BOOL_CONVERSION = YES;
				CLANG_WARN_COMMA = YES;
				CLANG_WARN_CONSTANT_CONVERSION = YES;
				CLANG_WARN_DEPRECATED_OBJC_IMPLEMENTATIONS = YES;
				CLANG_WARN_DIRECT_OBJC_ISA_USAGE = YES_ERROR;
				CLANG_WARN_DOCUMENTATION_COMMENTS = YES;
				CLANG_WARN_EMPTY_BODY = YES;
				CLANG_WARN_ENUM_CONVERSION = YES;
				CLANG_WARN_INFINITE_RECURSION = YES;
				CLANG_WARN_INT_CONVERSION = YES;
				CLANG_WARN_NON_LITERAL_NULL_CONVERSION = YES;
				CLANG_WARN_OBJC_IMPLICIT_RETAIN_SELF = YES;
				CLANG_WARN_OBJC_LITERAL_CONVERSION = YES;
				CLANG_WARN_OBJC_ROOT_CLASS = YES_ERROR;
				CLANG_WARN_QUOTED_INCLUDE_IN_FRAMEWORK_HEADER = YES;
				CLANG_WARN_RANGE_LOOP_ANALYSIS = YES;
				CLANG_WARN_STRICT_PROTOTYPES = YES;
				CLANG_WARN_SUSPICIOUS_MOVE = YES;
				CLANG_WARN_UNGUARDED_AVAILABILITY = YES_AGGRESSIVE;
				CLANG_WARN_UNREACHABLE_CODE = YES;
				CLANG_WARN__DUPLICATE_METHOD_MATCH = YES;
				COPY_PHASE_STRIP = NO;
				DEBUG_INFORMATION_FORMAT = "dwarf-with-dsym";
				ENABLE_NS_ASSERTIONS = NO;
				ENABLE_STRICT_OBJC_MSGSEND = YES;
				GCC_C_LANGUAGE_STANDARD = gnu11;
				GCC_NO_COMMON_BLOCKS = YES;
				GCC_WARN_64_TO_32_BIT_CONVERSION = YES;
				GCC_WARN_ABOUT_RETURN_TYPE = YES_ERROR;
				GCC_WARN_UNDECLARED_SELECTOR = YES;
				GCC_WARN_UNINITIALIZED_AUTOS = YES_AGGRESSIVE;
				GCC_WARN_UNUSED_FUNCTION = YES;
				GCC_WARN_UNUSED_VARIABLE = YES;
				IPHONEOS_DEPLOYMENT_TARGET = 15.5;
				MTL_ENABLE_DEBUG_INFO = NO;
				MTL_FAST_MATH = YES;
				SDKROOT = iphoneos;
				SWIFT_COMPILATION_MODE = wholemodule;
				SWIFT_OPTIMIZATION_LEVEL = "-O";
				VALIDATE_PRODUCT = YES;
			};
			name = Release;
		};
		6F985661286AF14100172F0C /* Debug */ = {
			isa = XCBuildConfiguration;
			baseConfigurationReference = E0CA192387BBA08BC2907682 /* Pods-NewsAPI_Aws.debug.xcconfig */;
			buildSettings = {
				ASSETCATALOG_COMPILER_APPICON_NAME = AppIcon;
				ASSETCATALOG_COMPILER_GLOBAL_ACCENT_COLOR_NAME = AccentColor;
				CODE_SIGN_STYLE = Automatic;
				CURRENT_PROJECT_VERSION = 1;
				DEVELOPMENT_TEAM = Q6W7MBVP2D;
				GENERATE_INFOPLIST_FILE = YES;
				INFOPLIST_FILE = NewsAPI_Aws/Info.plist;
				INFOPLIST_KEY_UIApplicationSupportsIndirectInputEvents = YES;
				INFOPLIST_KEY_UILaunchStoryboardName = LaunchScreen;
				INFOPLIST_KEY_UISupportedInterfaceOrientations_iPad = "UIInterfaceOrientationPortrait UIInterfaceOrientationPortraitUpsideDown UIInterfaceOrientationLandscapeLeft UIInterfaceOrientationLandscapeRight";
				INFOPLIST_KEY_UISupportedInterfaceOrientations_iPhone = "UIInterfaceOrientationPortrait UIInterfaceOrientationLandscapeLeft UIInterfaceOrientationLandscapeRight";
				IPHONEOS_DEPLOYMENT_TARGET = 14.0;
				LD_RUNPATH_SEARCH_PATHS = (
					"$(inherited)",
					"@executable_path/Frameworks",
				);
				MARKETING_VERSION = 1.0;
				PRODUCT_BUNDLE_IDENTIFIER = "com.aws-shkara.NewsAPI-Aws";
				PRODUCT_NAME = "$(TARGET_NAME)";
				SWIFT_EMIT_LOC_STRINGS = YES;
				SWIFT_VERSION = 5.0;
				TARGETED_DEVICE_FAMILY = 1;
			};
			name = Debug;
		};
		6F985662286AF14100172F0C /* Release */ = {
			isa = XCBuildConfiguration;
			baseConfigurationReference = 498FCCD9A6BD933E024BA1F6 /* Pods-NewsAPI_Aws.release.xcconfig */;
			buildSettings = {
				ASSETCATALOG_COMPILER_APPICON_NAME = AppIcon;
				ASSETCATALOG_COMPILER_GLOBAL_ACCENT_COLOR_NAME = AccentColor;
				CODE_SIGN_STYLE = Automatic;
				CURRENT_PROJECT_VERSION = 1;
				DEVELOPMENT_TEAM = Q6W7MBVP2D;
				GENERATE_INFOPLIST_FILE = YES;
				INFOPLIST_FILE = NewsAPI_Aws/Info.plist;
				INFOPLIST_KEY_UIApplicationSupportsIndirectInputEvents = YES;
				INFOPLIST_KEY_UILaunchStoryboardName = LaunchScreen;
				INFOPLIST_KEY_UISupportedInterfaceOrientations_iPad = "UIInterfaceOrientationPortrait UIInterfaceOrientationPortraitUpsideDown UIInterfaceOrientationLandscapeLeft UIInterfaceOrientationLandscapeRight";
				INFOPLIST_KEY_UISupportedInterfaceOrientations_iPhone = "UIInterfaceOrientationPortrait UIInterfaceOrientationLandscapeLeft UIInterfaceOrientationLandscapeRight";
				IPHONEOS_DEPLOYMENT_TARGET = 14.0;
				LD_RUNPATH_SEARCH_PATHS = (
					"$(inherited)",
					"@executable_path/Frameworks",
				);
				MARKETING_VERSION = 1.0;
				PRODUCT_BUNDLE_IDENTIFIER = "com.aws-shkara.NewsAPI-Aws";
				PRODUCT_NAME = "$(TARGET_NAME)";
				SWIFT_EMIT_LOC_STRINGS = YES;
				SWIFT_VERSION = 5.0;
				TARGETED_DEVICE_FAMILY = 1;
			};
			name = Release;
		};
/* End XCBuildConfiguration section */

/* Begin XCConfigurationList section */
		6F985647286AF13E00172F0C /* Build configuration list for PBXProject "NewsAPI_Aws" */ = {
			isa = XCConfigurationList;
			buildConfigurations = (
				6F98565E286AF14100172F0C /* Debug */,
				6F98565F286AF14100172F0C /* Release */,
			);
			defaultConfigurationIsVisible = 0;
			defaultConfigurationName = Release;
		};
		6F985660286AF14100172F0C /* Build configuration list for PBXNativeTarget "NewsAPI_Aws" */ = {
			isa = XCConfigurationList;
			buildConfigurations = (
				6F985661286AF14100172F0C /* Debug */,
				6F985662286AF14100172F0C /* Release */,
			);
			defaultConfigurationIsVisible = 0;
			defaultConfigurationName = Release;
		};
/* End XCConfigurationList section */
	};
	rootObject = 6F985644286AF13E00172F0C /* Project object */;
}
